# THIS IS AN AUTOGENERATED FILE. DO NOT EDIT THIS FILE DIRECTLY.
# yarn lockfile v1


"@types/prop-types@*":
  version "15.5.6"
  resolved "https://registry.yarnpkg.com/@types/prop-types/-/prop-types-15.5.6.tgz#9c03d3fed70a8d517c191b7734da2879b50ca26c"
  integrity sha512-ZBFR7TROLVzCkswA3Fmqq+IIJt62/T7aY/Dmz+QkU7CaW2QFqAitCE8Ups7IzmGhcN1YWMBT4Qcoc07jU9hOJQ==

"@types/react-native@^0.57.13":
  version "0.57.13"
  resolved "https://registry.yarnpkg.com/@types/react-native/-/react-native-0.57.13.tgz#02dc7b8f5b291b290e047fb0da3ceaa27d7c71b9"
  integrity sha512-0r6XoeIz4rujZx7ZKKE58ilSxlReXbIVBFAquTuzrIV0SP+EDjI+ePwIhfnMn/F3Wt2b2R/GXqFsW643lKwmLA==
  dependencies:
    "@types/prop-types" "*"
    "@types/react" "*"

"@types/react@*", "@types/react@^16.7.7":
  version "16.7.7"
  resolved "https://registry.yarnpkg.com/@types/react/-/react-16.7.7.tgz#1e5e23e7dd922968ed4b484cdec00a5402c9f31b"
  integrity sha512-dJiq7CKxD1XJ/GqmbnsQisFnzG4z5lntKBw9X9qeSrguxFbrrhGa8cK9s0ONBp8wL1EfGfofEDVhjen26U46pw==
  dependencies:
    "@types/prop-types" "*"
    csstype "^2.2.0"

csstype@^2.2.0:
  version "2.5.7"
  resolved "https://registry.yarnpkg.com/csstype/-/csstype-2.5.7.tgz#bf9235d5872141eccfb2d16d82993c6b149179ff"
  integrity sha512-Nt5VDyOTIIV4/nRFswoCKps1R5CD1hkiyjBE9/thNaNZILLEviVw9yWQw15+O+CpNjQKB/uvdcxFFOrSflY3Yw==

typescript@^3.1.6:
  version "3.1.6"
  resolved "https://registry.yarnpkg.com/typescript/-/typescript-3.1.6.tgz#b6543a83cfc8c2befb3f4c8fba6896f5b0c9be68"
  integrity sha512-tDMYfVtvpb96msS1lDX9MEdHrW4yOuZ4Kdc4Him9oU796XldPYF/t2+uKoX0BBa0hXXwDlqYQbXY5Rzjzc5hBA==
